// !$*UTF8*$!
{
	archiveVersion = 1;
	classes = {
	};
	objectVersion = 77;
	objects = {

/* Begin PBXBuildFile section */
		8D01A0012DDE000100000001 /* VeeApp.swift in Sources */ = {isa = PBXBuildFile; fileRef = 8D01A0112DDE000100000001 /* VeeApp.swift */; };
		8D01A0022DDE000100000001 /* AppDelegate.swift in Sources */ = {isa = PBXBuildFile; fileRef = 8D01A0122DDE000100000001 /* AppDelegate.swift */; };
		8D01A0032DDE000100000001 /* ClipboardItem.swift in Sources */ = {isa = PBXBuildFile; fileRef = 8D01A0132DDE000100000001 /* ClipboardItem.swift */; };
		8D01A0042DDE000100000001 /* ClipboardStore.swift in Sources */ = {isa = PBXBuildFile; fileRef = 8D01A0142DDE000100000001 /* ClipboardStore.swift */; };
		8D01A0052DDE000100000001 /* CursorLocator.swift in Sources */ = {isa = PBXBuildFile; fileRef = 8D01A0152DDE000100000001 /* CursorLocator.swift */; };
		8D01A0062DDE000100000001 /* HotKeyManager.swift in Sources */ = {isa = PBXBuildFile; fileRef = 8D01A0162DDE000100000001 /* HotKeyManager.swift */; };
		8D01A0072DDE000100000001 /* PasteboardInjector.swift in Sources */ = {isa = PBXBuildFile; fileRef = 8D01A0172DDE000100000001 /* PasteboardInjector.swift */; };
		8D01A0082DDE000100000001 /* PopupPanelController.swift in Sources */ = {isa = PBXBuildFile; fileRef = 8D01A0182DDE000100000001 /* PopupPanelController.swift */; };
		8D01A0092DDE000100000001 /* PopupView.swift in Sources */ = {isa = PBXBuildFile; fileRef = 8D01A0192DDE000100000001 /* PopupView.swift */; };
		8D01A00A2DDE000100000001 /* SettingsView.swift in Sources */ = {isa = PBXBuildFile; fileRef = 8D01A01A2DDE000100000001 /* SettingsView.swift */; };
		8D01A00B2DDE000100000001 /* Assets.xcassets in Resources */ = {isa = PBXBuildFile; fileRef = 8D01A01B2DDE000100000001 /* Assets.xcassets */; };
/* End PBXBuildFile section */

/* Begin PBXFileReference section */
		8D01A0102DDE000100000001 /* Vee.app */ = {isa = PBXFileReference; explicitFileType = wrapper.application; includeInIndex = 0; path = Vee.app; sourceTree = BUILT_PRODUCTS_DIR; };
		8D01A0112DDE000100000001 /* VeeApp.swift */ = {isa = PBXFileReference; lastKnownFileType = sourcecode.swift; path = VeeApp.swift; sourceTree = "<group>"; };
		8D01A0122DDE000100000001 /* AppDelegate.swift */ = {isa = PBXFileReference; lastKnownFileType = sourcecode.swift; path = AppDelegate.swift; sourceTree = "<group>"; };
		8D01A0132DDE000100000001 /* ClipboardItem.swift */ = {isa = PBXFileReference; lastKnownFileType = sourcecode.swift; path = ClipboardItem.swift; sourceTree = "<group>"; };
		8D01A0142DDE000100000001 /* ClipboardStore.swift */ = {isa = PBXFileReference; lastKnownFileType = sourcecode.swift; path = ClipboardStore.swift; sourceTree = "<group>"; };
		8D01A0152DDE000100000001 /* CursorLocator.swift */ = {isa = PBXFileReference; lastKnownFileType = sourcecode.swift; path = CursorLocator.swift; sourceTree = "<group>"; };
		8D01A0162DDE000100000001 /* HotKeyManager.swift */ = {isa = PBXFileReference; lastKnownFileType = sourcecode.swift; path = HotKeyManager.swift; sourceTree = "<group>"; };
		8D01A0172DDE000100000001 /* PasteboardInjector.swift */ = {isa = PBXFileReference; lastKnownFileType = sourcecode.swift; path = PasteboardInjector.swift; sourceTree = "<group>"; };
		8D01A0182DDE000100000001 /* PopupPanelController.swift */ = {isa = PBXFileReference; lastKnownFileType = sourcecode.swift; path = PopupPanelController.swift; sourceTree = "<group>"; };
		8D01A0192DDE000100000001 /* PopupView.swift */ = {isa = PBXFileReference; lastKnownFileType = sourcecode.swift; path = PopupView.swift; sourceTree = "<group>"; };
		8D01A01A2DDE000100000001 /* SettingsView.swift */ = {isa = PBXFileReference; lastKnownFileType = sourcecode.swift; path = SettingsView.swift; sourceTree = "<group>"; };
		8D01A01B2DDE000100000001 /* Assets.xcassets */ = {isa = PBXFileReference; lastKnownFileType = folder.assetcatalog; path = Assets.xcassets; sourceTree = "<group>"; };
		8D01A01C2DDE000100000001 /* Info.plist */ = {isa = PBXFileReference; lastKnownFileType = text.plist.xml; path = Info.plist; sourceTree = "<group>"; };
		8D01A01D2DDE000100000001 /* README.md */ = {isa = PBXFileReference; lastKnownFileType = net.daringfireball.markdown; path = README.md; sourceTree = SOURCE_ROOT; };
/* End PBXFileReference section */

/* Begin PBXFileSystemSynchronizedRootGroup section */
/* End PBXFileSystemSynchronizedRootGroup section */

/* Begin PBXFrameworksBuildPhase section */
		8D01A0202DDE000100000001 /* Frameworks */ = {
			isa = PBXFrameworksBuildPhase;
			buildActionMask = 2147483647;
			files = (
			);
			runOnlyForDeploymentPostprocessing = 0;
		};
/* End PBXFrameworksBuildPhase section */

/* Begin PBXGroup section */
		8D01A0302DDE000100000001 = {
			isa = PBXGroup;
			children = (
				8D01A0402DDE000100000001 /* Vee */,
				8D01A01D2DDE000100000001 /* README.md */,
				8D01A0502DDE000100000001 /* Products */,
			);
			sourceTree = "<group>";
		};
		8D01A0402DDE000100000001 /* Vee */ = {
			isa = PBXGroup;
			children = (
				8D01A0112DDE000100000001 /* VeeApp.swift */,
				8D01A0122DDE000100000001 /* AppDelegate.swift */,
				8D01A0132DDE000100000001 /* ClipboardItem.swift */,
				8D01A0142DDE000100000001 /* ClipboardStore.swift */,
				8D01A0152DDE000100000001 /* CursorLocator.swift */,
				8D01A0162DDE000100000001 /* HotKeyManager.swift */,
				8D01A0172DDE000100000001 /* PasteboardInjector.swift */,
				8D01A0182DDE000100000001 /* PopupPanelController.swift */,
				8D01A0192DDE000100000001 /* PopupView.swift */,
				8D01A01A2DDE000100000001 /* SettingsView.swift */,
				8D01A01B2DDE000100000001 /* Assets.xcassets */,
				8D01A01C2DDE000100000001 /* Info.plist */,
			);
			path = Vee;
			sourceTree = "<group>";
		};
		8D01A0502DDE000100000001 /* Products */ = {
			isa = PBXGroup;
			children = (
				8D01A0102DDE000100000001 /* Vee.app */,
			);
			name = Products;
			sourceTree = "<group>";
		};
/* End PBXGroup section */

/* Begin PBXNativeTarget section */
		8D01A0602DDE000100000001 /* Vee */ = {
			isa = PBXNativeTarget;
			buildConfigurationList = 8D01A0702DDE000100000001 /* Build configuration list for PBXNativeTarget "Vee" */;
			buildPhases = (
				8D01A0802DDE000100000001 /* Sources */,
				8D01A0202DDE000100000001 /* Frameworks */,
				8D01A0902DDE000100000001 /* Resources */,
			);
			buildRules = (
			);
			dependencies = (
			);
			name = Vee;
			productName = Vee;
			productReference = 8D01A0102DDE000100000001 /* Vee.app */;
			productType = "com.apple.product-type.application";
		};
/* End PBXNativeTarget section */

/* Begin PBXProject section */
		8D01A0002DDE000100000001 /* Project object */ = {
			isa = PBXProject;
			attributes = {
				BuildIndependentTargetsInParallel = 1;
				LastSwiftUpdateCheck = 2650;
				LastUpgradeCheck = 2650;
				TargetAttributes = {
					8D01A0602DDE000100000001 = {
						CreatedOnToolsVersion = 26.5;
					};
				};
			};
			buildConfigurationList = 8D01A0A02DDE000100000001 /* Build configuration list for PBXProject "Vee" */;
			developmentRegion = en;
			hasScannedForEncodings = 0;
			knownRegions = (
				en,
				Base,
			);
			mainGroup = 8D01A0302DDE000100000001;
			minimizedProjectReferenceProxies = 1;
			preferredProjectObjectVersion = 77;
			productRefGroup = 8D01A0502DDE000100000001 /* Products */;
			projectDirPath = "";
			projectRoot = "";
			targets = (
				8D01A0602DDE000100000001 /* Vee */,
			);
		};
/* End PBXProject section */

/* Begin PBXResourcesBuildPhase section */
		8D01A0902DDE000100000001 /* Resources */ = {
			isa = PBXResourcesBuildPhase;
			buildActionMask = 2147483647;
			files = (
				8D01A00B2DDE000100000001 /* Assets.xcassets in Resources */,
			);
			runOnlyForDeploymentPostprocessing = 0;
		};
/* End PBXResourcesBuildPhase section */

/* Begin PBXSourcesBuildPhase section */
		8D01A0802DDE000100000001 /* Sources */ = {
			isa = PBXSourcesBuildPhase;
			buildActionMask = 2147483647;
			files = (
				8D01A0012DDE000100000001 /* VeeApp.swift in Sources */,
				8D01A0022DDE000100000001 /* AppDelegate.swift in Sources */,
				8D01A0032DDE000100000001 /* ClipboardItem.swift in Sources */,
				8D01A0042DDE000100000001 /* ClipboardStore.swift in Sources */,
				8D01A0052DDE000100000001 /* CursorLocator.swift in Sources */,
				8D01A0062DDE000100000001 /* HotKeyManager.swift in Sources */,
				8D01A0072DDE000100000001 /* PasteboardInjector.swift in Sources */,
				8D01A0082DDE000100000001 /* PopupPanelController.swift in Sources */,
				8D01A0092DDE000100000001 /* PopupView.swift in Sources */,
				8D01A00A2DDE000100000001 /* SettingsView.swift in Sources */,
			);
			runOnlyForDeploymentPostprocessing = 0;
		};
/* End PBXSourcesBuildPhase section */

/* Begin XCBuildConfiguration section */
		8D01A0B02DDE000100000001 /* Debug */ = {
			isa = XCBuildConfiguration;
			buildSettings = {
				ALWAYS_SEARCH_USER_PATHS = NO;
				CLANG_ANALYZER_NONNULL = YES;
				CLANG_ANALYZER_NUMBER_OBJECT_CONVERSION = YES_AGGRESSIVE;
				CLANG_CXX_LANGUAGE_STANDARD = "gnu++20";
				CLANG_ENABLE_MODULES = YES;
				CLANG_ENABLE_OBJC_ARC = YES;
				CLANG_ENABLE_OBJC_WEAK = YES;
				CLANG_WARN_BLOCK_CAPTURE_AUTORELEASING = YES;
				CLANG_WARN_BOOL_CONVERSION = YES;
				CLANG_WARN_COMMA = YES;
				CLANG_WARN_CONSTANT_CONVERSION = YES;
				CLANG_WARN_DEPRECATED_OBJC_IMPLEMENTATIONS = YES;
				CLANG_WARN_DIRECT_OBJC_ISA_USAGE = YES_ERROR;
				CLANG_WARN_DOCUMENTATION_COMMENTS = YES;
				CLANG_WARN_EMPTY_BODY = YES;
				CLANG_WARN_ENUM_CONVERSION = YES;
				CLANG_WARN_INFINITE_RECURSION = YES;
				CLANG_WARN_INT_CONVERSION = YES;
				CLANG_WARN_NON_LITERAL_NULL_CONVERSION = YES;
				CLANG_WARN_OBJC_IMPLICIT_RETAIN_SELF = YES;
				CLANG_WARN_OBJC_LITERAL_CONVERSION = YES;
				CLANG_WARN_OBJC_ROOT_CLASS = YES_ERROR;
				CLANG_WARN_QUOTED_INCLUDE_IN_FRAMEWORK_HEADER = YES;
				CLANG_WARN_RANGE_LOOP_ANALYSIS = YES;
				CLANG_WARN_STRICT_PROTOTYPES = YES;
				CLANG_WARN_SUSPICIOUS_MOVE = YES;
				CLANG_WARN_UNGUARDED_AVAILABILITY = YES_AGGRESSIVE;
				CLANG_WARN_UNREACHABLE_CODE = YES;
				CLANG_WARN__DUPLICATE_METHOD_MATCH = YES;
				COPY_PHASE_STRIP = NO;
				DEBUG_INFORMATION_FORMAT = dwarf;
				ENABLE_STRICT_OBJC_MSGSEND = YES;
				ENABLE_TESTABILITY = YES;
				ENABLE_USER_SCRIPT_SANDBOXING = YES;
				GCC_C_LANGUAGE_STANDARD = gnu17;
				GCC_DYNAMIC_NO_PIC = NO;
				GCC_NO_COMMON_BLOCKS = YES;
				GCC_OPTIMIZATION_LEVEL = 0;
				GCC_PREPROCESSOR_DEFINITIONS = (
					"DEBUG=1",
					"$(inherited)",
				);
				GCC_WARN_64_TO_32_BIT_CONVERSION = YES;
				GCC_WARN_ABOUT_RETURN_TYPE = YES_ERROR;
				GCC_WARN_UNDECLARED_SELECTOR = YES;
				GCC_WARN_UNINITIALIZED_AUTOS = YES_AGGRESSIVE;
				GCC_WARN_UNUSED_FUNCTION = YES;
				GCC_WARN_UNUSED_VARIABLE = YES;
				MACOSX_DEPLOYMENT_TARGET = 14.0;
				MTL_ENABLE_DEBUG_INFO = INCLUDE_SOURCE;
				MTL_FAST_MATH = YES;
				ONLY_ACTIVE_ARCH = YES;
				SDKROOT = macosx;
				SWIFT_ACTIVE_COMPILATION_CONDITIONS = "DEBUG $(inherited)";
				SWIFT_OPTIMIZATION_LEVEL = "-Onone";
			};
			name = Debug;
		};
		8D01A0C02DDE000100000001 /* Release */ = {
			isa = XCBuildConfiguration;
			buildSettings = {
				ALWAYS_SEARCH_USER_PATHS = NO;
				CLANG_ANALYZER_NONNULL = YES;
				CLANG_ANALYZER_NUMBER_OBJECT_CONVERSION = YES_AGGRESSIVE;
				CLANG_CXX_LANGUAGE_STANDARD = "gnu++20";
				CLANG_ENABLE_MODULES = YES;
				CLANG_ENABLE_OBJC_ARC = YES;
				CLANG_ENABLE_OBJC_WEAK = YES;
				CLANG_WARN_BLOCK_CAPTURE_AUTORELEASING = YES;
				CLANG_WARN_BOOL_CONVERSION = YES;
				CLANG_WARN_COMMA = YES;
				CLANG_WARN_CONSTANT_CONVERSION = YES;
				CLANG_WARN_DEPRECATED_OBJC_IMPLEMENTATIONS = YES;
				CLANG_WARN_DIRECT_OBJC_ISA_USAGE = YES_ERROR;
				CLANG_WARN_DOCUMENTATION_COMMENTS = YES;
				CLANG_WARN_EMPTY_BODY = YES;
				CLANG_WARN_ENUM_CONVERSION = YES;
				CLANG_WARN_INFINITE_RECURSION = YES;
				CLANG_WARN_INT_CONVERSION = YES;
				CLANG_WARN_NON_LITERAL_NULL_CONVERSION = YES;
				CLANG_WARN_OBJC_IMPLICIT_RETAIN_SELF = YES;
				CLANG_WARN_OBJC_LITERAL_CONVERSION = YES;
				CLANG_WARN_OBJC_ROOT_CLASS = YES_ERROR;
				CLANG_WARN_QUOTED_INCLUDE_IN_FRAMEWORK_HEADER = YES;
				CLANG_WARN_RANGE_LOOP_ANALYSIS = YES;
				CLANG_WARN_STRICT_PROTOTYPES = YES;
				CLANG_WARN_SUSPICIOUS_MOVE = YES;
				CLANG_WARN_UNGUARDED_AVAILABILITY = YES_AGGRESSIVE;
				CLANG_WARN_UNREACHABLE_CODE = YES;
				CLANG_WARN__DUPLICATE_METHOD_MATCH = YES;
				COPY_PHASE_STRIP = NO;
				DEBUG_INFORMATION_FORMAT = "dwarf-with-dsym";
				ENABLE_NS_ASSERTIONS = NO;
				ENABLE_STRICT_OBJC_MSGSEND = YES;
				ENABLE_USER_SCRIPT_SANDBOXING = YES;
				GCC_C_LANGUAGE_STANDARD = gnu17;
				GCC_NO_COMMON_BLOCKS = YES;
				GCC_WARN_64_TO_32_BIT_CONVERSION = YES;
				GCC_WARN_ABOUT_RETURN_TYPE = YES_ERROR;
				GCC_WARN_UNDECLARED_SELECTOR = YES;
				GCC_WARN_UNINITIALIZED_AUTOS = YES_AGGRESSIVE;
				GCC_WARN_UNUSED_FUNCTION = YES;
				GCC_WARN_UNUSED_VARIABLE = YES;
				MACOSX_DEPLOYMENT_TARGET = 14.0;
				MTL_ENABLE_DEBUG_INFO = NO;
				MTL_FAST_MATH = YES;
				SDKROOT = macosx;
				SWIFT_COMPILATION_MODE = wholemodule;
			};
			name = Release;
		};
		8D01A0D02DDE000100000001 /* Debug */ = {
			isa = XCBuildConfiguration;
			buildSettings = {
				ASSETCATALOG_COMPILER_APPICON_NAME = AppIcon;
				CODE_SIGN_STYLE = Automatic;
				COMBINE_HIDPI_IMAGES = YES;
				GENERATE_INFOPLIST_FILE = NO;
				INFOPLIST_FILE = Vee/Info.plist;
				LD_RUNPATH_SEARCH_PATHS = (
					"$(inherited)",
					"@executable_path/../Frameworks",
				);
				MARKETING_VERSION = 0.1.0;
				PRODUCT_BUNDLE_IDENTIFIER = dev.vee.Vee;
				PRODUCT_NAME = "$(TARGET_NAME)";
				SWIFT_EMIT_LOC_STRINGS = YES;
				SWIFT_VERSION = 6.0;
			};
			name = Debug;
		};
		8D01A0E02DDE000100000001 /* Release */ = {
			isa = XCBuildConfiguration;
			buildSettings = {
				ASSETCATALOG_COMPILER_APPICON_NAME = AppIcon;
				CODE_SIGN_STYLE = Automatic;
				COMBINE_HIDPI_IMAGES = YES;
				GENERATE_INFOPLIST_FILE = NO;
				INFOPLIST_FILE = Vee/Info.plist;
				LD_RUNPATH_SEARCH_PATHS = (
					"$(inherited)",
					"@executable_path/../Frameworks",
				);
				MARKETING_VERSION = 0.1.0;
				PRODUCT_BUNDLE_IDENTIFIER = dev.vee.Vee;
				PRODUCT_NAME = "$(TARGET_NAME)";
				SWIFT_EMIT_LOC_STRINGS = YES;
				SWIFT_VERSION = 6.0;
			};
			name = Release;
		};
/* End XCBuildConfiguration section */

/* Begin XCConfigurationList section */
		8D01A0702DDE000100000001 /* Build configuration list for PBXNativeTarget "Vee" */ = {
			isa = XCConfigurationList;
			buildConfigurations = (
				8D01A0D02DDE000100000001 /* Debug */,
				8D01A0E02DDE000100000001 /* Release */,
			);
			defaultConfigurationIsVisible = 0;
			defaultConfigurationName = Release;
		};
		8D01A0A02DDE000100000001 /* Build configuration list for PBXProject "Vee" */ = {
			isa = XCConfigurationList;
			buildConfigurations = (
				8D01A0B02DDE000100000001 /* Debug */,
				8D01A0C02DDE000100000001 /* Release */,
			);
			defaultConfigurationIsVisible = 0;
			defaultConfigurationName = Release;
		};
/* End XCConfigurationList section */
	};
	rootObject = 8D01A0002DDE000100000001 /* Project object */;
}
